// !$*UTF8*$!
{
	archiveVersion = 1;
	classes = {
	};
	objectVersion = 50;
	objects = {

/* Begin PBXBuildFile section */
		545917A023D90C0500EB3297 /* AppDelegate.swift in Sources */ = {isa = PBXBuildFile; fileRef = 5459179F23D90C0500EB3297 /* AppDelegate.swift */; };
		545917A223D90C0500EB3297 /* SceneDelegate.swift in Sources */ = {isa = PBXBuildFile; fileRef = 545917A123D90C0500EB3297 /* SceneDelegate.swift */; };
		545917A623D90C0800EB3297 /* Assets.xcassets in Resources */ = {isa = PBXBuildFile; fileRef = 545917A523D90C0800EB3297 /* Assets.xcassets */; };
		545917A923D90C0800EB3297 /* Preview Assets.xcassets in Resources */ = {isa = PBXBuildFile; fileRef = 545917A823D90C0800EB3297 /* Preview Assets.xcassets */; };
		545917B723D90C0800EB3297 /* LoginTestAppTests.swift in Sources */ = {isa = PBXBuildFile; fileRef = 545917B623D90C0800EB3297 /* LoginTestAppTests.swift */; };
		545917C223D90C0800EB3297 /* LoginTestAppUITests.swift in Sources */ = {isa = PBXBuildFile; fileRef = 545917C123D90C0800EB3297 /* LoginTestAppUITests.swift */; };
		545917D023D91AA600EB3297 /* LoginViewController.swift in Sources */ = {isa = PBXBuildFile; fileRef = 545917CF23D91AA600EB3297 /* LoginViewController.swift */; };
		545917D223D91C9900EB3297 /* LaunchScreen.storyboard in Resources */ = {isa = PBXBuildFile; fileRef = 545917D123D91C9900EB3297 /* LaunchScreen.storyboard */; };
		545917D623D928BE00EB3297 /* RegisterViewController.swift in Sources */ = {isa = PBXBuildFile; fileRef = 545917D523D928BE00EB3297 /* RegisterViewController.swift */; };
		545917D823D929B000EB3297 /* LoggedInViewController.swift in Sources */ = {isa = PBXBuildFile; fileRef = 545917D723D929B000EB3297 /* LoggedInViewController.swift */; };
		545917DA23D9579900EB3297 /* Data.swift in Sources */ = {isa = PBXBuildFile; fileRef = 545917D923D9579900EB3297 /* Data.swift */; };
		545917DC23D9696C00EB3297 /* LoginStoryBoard.storyboard in Resources */ = {isa = PBXBuildFile; fileRef = 545917DB23D9696C00EB3297 /* LoginStoryBoard.storyboard */; };
		7FF3339723FB564100151320 /* Login.swift in Sources */ = {isa = PBXBuildFile; fileRef = 7FF3339623FB564100151320 /* Login.swift */; };
		7FF3339A23FB579B00151320 /* LoginTest.swift in Sources */ = {isa = PBXBuildFile; fileRef = 7FF3339923FB579B00151320 /* LoginTest.swift */; };
/* End PBXBuildFile section */

/* Begin PBXContainerItemProxy section */
		545917B323D90C0800EB3297 /* PBXContainerItemProxy */ = {
			isa = PBXContainerItemProxy;
			containerPortal = 5459179423D90C0500EB3297 /* Project object */;
			proxyType = 1;
			remoteGlobalIDString = 5459179B23D90C0500EB3297;
			remoteInfo = LoginTestApp;
		};
		545917BE23D90C0800EB3297 /* PBXContainerItemProxy */ = {
			isa = PBXContainerItemProxy;
			containerPortal = 5459179423D90C0500EB3297 /* Project object */;
			proxyType = 1;
			remoteGlobalIDString = 5459179B23D90C0500EB3297;
			remoteInfo = LoginTestApp;
		};
/* End PBXContainerItemProxy section */

/* Begin PBXFileReference section */
		5459179C23D90C0500EB3297 /* LoginTestApp.app */ = {isa = PBXFileReference; explicitFileType = wrapper.application; includeInIndex = 0; path = LoginTestApp.app; sourceTree = BUILT_PRODUCTS_DIR; };
		5459179F23D90C0500EB3297 /* AppDelegate.swift */ = {isa = PBXFileReference; lastKnownFileType = sourcecode.swift; path = AppDelegate.swift; sourceTree = "<group>"; };
		545917A123D90C0500EB3297 /* SceneDelegate.swift */ = {isa = PBXFileReference; lastKnownFileType = sourcecode.swift; path = SceneDelegate.swift; sourceTree = "<group>"; };
		545917A523D90C0800EB3297 /* Assets.xcassets */ = {isa = PBXFileReference; lastKnownFileType = folder.assetcatalog; path = Assets.xcassets; sourceTree = "<group>"; };
		545917A823D90C0800EB3297 /* Preview Assets.xcassets */ = {isa = PBXFileReference; lastKnownFileType = folder.assetcatalog; path = "Preview Assets.xcassets"; sourceTree = "<group>"; };
		545917AD23D90C0800EB3297 /* Info.plist */ = {isa = PBXFileReference; lastKnownFileType = text.plist.xml; path = Info.plist; sourceTree = "<group>"; };
		545917B223D90C0800EB3297 /* LoginTestAppTests.xctest */ = {isa = PBXFileReference; explicitFileType = wrapper.cfbundle; includeInIndex = 0; path = LoginTestAppTests.xctest; sourceTree = BUILT_PRODUCTS_DIR; };
		545917B623D90C0800EB3297 /* LoginTestAppTests.swift */ = {isa = PBXFileReference; lastKnownFileType = sourcecode.swift; path = LoginTestAppTests.swift; sourceTree = "<group>"; };
		545917B823D90C0800EB3297 /* Info.plist */ = {isa = PBXFileReference; lastKnownFileType = text.plist.xml; path = Info.plist; sourceTree = "<group>"; };
		545917BD23D90C0800EB3297 /* LoginTestAppUITests.xctest */ = {isa = PBXFileReference; explicitFileType = wrapper.cfbundle; includeInIndex = 0; path = LoginTestAppUITests.xctest; sourceTree = BUILT_PRODUCTS_DIR; };
		545917C123D90C0800EB3297 /* LoginTestAppUITests.swift */ = {isa = PBXFileReference; lastKnownFileType = sourcecode.swift; path = LoginTestAppUITests.swift; sourceTree = "<group>"; };
		545917C323D90C0800EB3297 /* Info.plist */ = {isa = PBXFileReference; lastKnownFileType = text.plist.xml; path = Info.plist; sourceTree = "<group>"; };
		545917CF23D91AA600EB3297 /* LoginViewController.swift */ = {isa = PBXFileReference; lastKnownFileType = sourcecode.swift; path = LoginViewController.swift; sourceTree = "<group>"; };
		545917D123D91C9900EB3297 /* LaunchScreen.storyboard */ = {isa = PBXFileReference; lastKnownFileType = file.storyboard; path = LaunchScreen.storyboard; sourceTree = "<group>"; };
		545917D523D928BE00EB3297 /* RegisterViewController.swift */ = {isa = PBXFileReference; lastKnownFileType = sourcecode.swift; path = RegisterViewController.swift; sourceTree = "<group>"; };
		545917D723D929B000EB3297 /* LoggedInViewController.swift */ = {isa = PBXFileReference; lastKnownFileType = sourcecode.swift; path = LoggedInViewController.swift; sourceTree = "<group>"; };
		545917D923D9579900EB3297 /* Data.swift */ = {isa = PBXFileReference; lastKnownFileType = sourcecode.swift; path = Data.swift; sourceTree = "<group>"; };
		545917DB23D9696C00EB3297 /* LoginStoryBoard.storyboard */ = {isa = PBXFileReference; fileEncoding = 4; lastKnownFileType = file.storyboard; path = LoginStoryBoard.storyboard; sourceTree = "<group>"; };
		7FF3339623FB564100151320 /* Login.swift */ = {isa = PBXFileReference; lastKnownFileType = sourcecode.swift; path = Login.swift; sourceTree = "<group>"; };
		7FF3339923FB579B00151320 /* LoginTest.swift */ = {isa = PBXFileReference; lastKnownFileType = sourcecode.swift; path = LoginTest.swift; sourceTree = "<group>"; };
/* End PBXFileReference section */

/* Begin PBXFrameworksBuildPhase section */
		5459179923D90C0500EB3297 /* Frameworks */ = {
			isa = PBXFrameworksBuildPhase;
			buildActionMask = 2147483647;
			files = (
			);
			runOnlyForDeploymentPostprocessing = 0;
		};
		545917AF23D90C0800EB3297 /* Frameworks */ = {
			isa = PBXFrameworksBuildPhase;
			buildActionMask = 2147483647;
			files = (
			);
			runOnlyForDeploymentPostprocessing = 0;
		};
		545917BA23D90C0800EB3297 /* Frameworks */ = {
			isa = PBXFrameworksBuildPhase;
			buildActionMask = 2147483647;
			files = (
			);
			runOnlyForDeploymentPostprocessing = 0;
		};
/* End PBXFrameworksBuildPhase section */

/* Begin PBXGroup section */
		5459179323D90C0500EB3297 = {
			isa = PBXGroup;
			children = (
				545917D123D91C9900EB3297 /* LaunchScreen.storyboard */,
				5459179E23D90C0500EB3297 /* LoginTestApp */,
				545917B523D90C0800EB3297 /* LoginTestAppTests */,
				545917C023D90C0800EB3297 /* LoginTestAppUITests */,
				5459179D23D90C0500EB3297 /* Products */,
			);
			sourceTree = "<group>";
		};
		5459179D23D90C0500EB3297 /* Products */ = {
			isa = PBXGroup;
			children = (
				5459179C23D90C0500EB3297 /* LoginTestApp.app */,
				545917B223D90C0800EB3297 /* LoginTestAppTests.xctest */,
				545917BD23D90C0800EB3297 /* LoginTestAppUITests.xctest */,
			);
			name = Products;
			sourceTree = "<group>";
		};
		5459179E23D90C0500EB3297 /* LoginTestApp */ = {
			isa = PBXGroup;
			children = (
				7FF3339523FB562F00151320 /* Models */,
				545917DB23D9696C00EB3297 /* LoginStoryBoard.storyboard */,
				5459179F23D90C0500EB3297 /* AppDelegate.swift */,
				545917A123D90C0500EB3297 /* SceneDelegate.swift */,
				545917CF23D91AA600EB3297 /* LoginViewController.swift */,
				545917D523D928BE00EB3297 /* RegisterViewController.swift */,
				545917D723D929B000EB3297 /* LoggedInViewController.swift */,
				545917AD23D90C0800EB3297 /* Info.plist */,
				545917D923D9579900EB3297 /* Data.swift */,
				545917A523D90C0800EB3297 /* Assets.xcassets */,
				545917A723D90C0800EB3297 /* Preview Content */,
			);
			path = LoginTestApp;
			sourceTree = "<group>";
		};
		545917A723D90C0800EB3297 /* Preview Content */ = {
			isa = PBXGroup;
			children = (
				545917A823D90C0800EB3297 /* Preview Assets.xcassets */,
			);
			path = "Preview Content";
			sourceTree = "<group>";
		};
		545917B523D90C0800EB3297 /* LoginTestAppTests */ = {
			isa = PBXGroup;
			children = (
				7FF3339823FB578D00151320 /* Login */,
				545917B623D90C0800EB3297 /* LoginTestAppTests.swift */,
				545917B823D90C0800EB3297 /* Info.plist */,
			);
			path = LoginTestAppTests;
			sourceTree = "<group>";
		};
		545917C023D90C0800EB3297 /* LoginTestAppUITests */ = {
			isa = PBXGroup;
			children = (
				545917C123D90C0800EB3297 /* LoginTestAppUITests.swift */,
				545917C323D90C0800EB3297 /* Info.plist */,
			);
			path = LoginTestAppUITests;
			sourceTree = "<group>";
		};
		7FF3339523FB562F00151320 /* Models */ = {
			isa = PBXGroup;
			children = (
				7FF3339623FB564100151320 /* Login.swift */,
			);
			path = Models;
			sourceTree = "<group>";
		};
		7FF3339823FB578D00151320 /* Login */ = {
			isa = PBXGroup;
			children = (
				7FF3339923FB579B00151320 /* LoginTest.swift */,
			);
			path = Login;
			sourceTree = "<group>";
		};
/* End PBXGroup section */

/* Begin PBXNativeTarget section */
		5459179B23D90C0500EB3297 /* LoginTestApp */ = {
			isa = PBXNativeTarget;
			buildConfigurationList = 545917C623D90C0800EB3297 /* Build configuration list for PBXNativeTarget "LoginTestApp" */;
			buildPhases = (
				5459179823D90C0500EB3297 /* Sources */,
				5459179923D90C0500EB3297 /* Frameworks */,
				5459179A23D90C0500EB3297 /* Resources */,
			);
			buildRules = (
			);
			dependencies = (
			);
			name = LoginTestApp;
			productName = LoginTestApp;
			productReference = 5459179C23D90C0500EB3297 /* LoginTestApp.app */;
			productType = "com.apple.product-type.application";
		};
		545917B123D90C0800EB3297 /* LoginTestAppTests */ = {
			isa = PBXNativeTarget;
			buildConfigurationList = 545917C923D90C0800EB3297 /* Build configuration list for PBXNativeTarget "LoginTestAppTests" */;
			buildPhases = (
				545917AE23D90C0800EB3297 /* Sources */,
				545917AF23D90C0800EB3297 /* Frameworks */,
				545917B023D90C0800EB3297 /* Resources */,
			);
			buildRules = (
			);
			dependencies = (
				545917B423D90C0800EB3297 /* PBXTargetDependency */,
			);
			name = LoginTestAppTests;
			productName = LoginTestAppTests;
			productReference = 545917B223D90C0800EB3297 /* LoginTestAppTests.xctest */;
			productType = "com.apple.product-type.bundle.unit-test";
		};
		545917BC23D90C0800EB3297 /* LoginTestAppUITests */ = {
			isa = PBXNativeTarget;
			buildConfigurationList = 545917CC23D90C0800EB3297 /* Build configuration list for PBXNativeTarget "LoginTestAppUITests" */;
			buildPhases = (
				545917B923D90C0800EB3297 /* Sources */,
				545917BA23D90C0800EB3297 /* Frameworks */,
				545917BB23D90C0800EB3297 /* Resources */,
			);
			buildRules = (
			);
			dependencies = (
				545917BF23D90C0800EB3297 /* PBXTargetDependency */,
			);
			name = LoginTestAppUITests;
			productName = LoginTestAppUITests;
			productReference = 545917BD23D90C0800EB3297 /* LoginTestAppUITests.xctest */;
			productType = "com.apple.product-type.bundle.ui-testing";
		};
/* End PBXNativeTarget section */

/* Begin PBXProject section */
		5459179423D90C0500EB3297 /* Project object */ = {
			isa = PBXProject;
			attributes = {
				LastSwiftUpdateCheck = 1130;
				LastUpgradeCheck = 1130;
				TargetAttributes = {
					5459179B23D90C0500EB3297 = {
						CreatedOnToolsVersion = 11.3.1;
					};
					545917B123D90C0800EB3297 = {
						CreatedOnToolsVersion = 11.3.1;
						TestTargetID = 5459179B23D90C0500EB3297;
					};
					545917BC23D90C0800EB3297 = {
						CreatedOnToolsVersion = 11.3.1;
						TestTargetID = 5459179B23D90C0500EB3297;
					};
				};
			};
			buildConfigurationList = 5459179723D90C0500EB3297 /* Build configuration list for PBXProject "LoginTestApp" */;
			compatibilityVersion = "Xcode 9.3";
			developmentRegion = en;
			hasScannedForEncodings = 0;
			knownRegions = (
				en,
				Base,
			);
			mainGroup = 5459179323D90C0500EB3297;
			productRefGroup = 5459179D23D90C0500EB3297 /* Products */;
			projectDirPath = "";
			projectRoot = "";
			targets = (
				5459179B23D90C0500EB3297 /* LoginTestApp */,
				545917B123D90C0800EB3297 /* LoginTestAppTests */,
				545917BC23D90C0800EB3297 /* LoginTestAppUITests */,
			);
		};
/* End PBXProject section */

/* Begin PBXResourcesBuildPhase section */
		5459179A23D90C0500EB3297 /* Resources */ = {
			isa = PBXResourcesBuildPhase;
			buildActionMask = 2147483647;
			files = (
				545917D223D91C9900EB3297 /* LaunchScreen.storyboard in Resources */,
				545917A923D90C0800EB3297 /* Preview Assets.xcassets in Resources */,
				545917A623D90C0800EB3297 /* Assets.xcassets in Resources */,
				545917DC23D9696C00EB3297 /* LoginStoryBoard.storyboard in Resources */,
			);
			runOnlyForDeploymentPostprocessing = 0;
		};
		545917B023D90C0800EB3297 /* Resources */ = {
			isa = PBXResourcesBuildPhase;
			buildActionMask = 2147483647;
			files = (
			);
			runOnlyForDeploymentPostprocessing = 0;
		};
		545917BB23D90C0800EB3297 /* Resources */ = {
			isa = PBXResourcesBuildPhase;
			buildActionMask = 2147483647;
			files = (
			);
			runOnlyForDeploymentPostprocessing = 0;
		};
/* End PBXResourcesBuildPhase section */

/* Begin PBXSourcesBuildPhase section */
		5459179823D90C0500EB3297 /* Sources */ = {
			isa = PBXSourcesBuildPhase;
			buildActionMask = 2147483647;
			files = (
				7FF3339723FB564100151320 /* Login.swift in Sources */,
				545917D023D91AA600EB3297 /* LoginViewController.swift in Sources */,
				545917A023D90C0500EB3297 /* AppDelegate.swift in Sources */,
				545917D823D929B000EB3297 /* LoggedInViewController.swift in Sources */,
				545917DA23D9579900EB3297 /* Data.swift in Sources */,
				545917A223D90C0500EB3297 /* SceneDelegate.swift in Sources */,
				545917D623D928BE00EB3297 /* RegisterViewController.swift in Sources */,
			);
			runOnlyForDeploymentPostprocessing = 0;
		};
		545917AE23D90C0800EB3297 /* Sources */ = {
			isa = PBXSourcesBuildPhase;
			buildActionMask = 2147483647;
			files = (
				545917B723D90C0800EB3297 /* LoginTestAppTests.swift in Sources */,
				7FF3339A23FB579B00151320 /* LoginTest.swift in Sources */,
			);
			runOnlyForDeploymentPostprocessing = 0;
		};
		545917B923D90C0800EB3297 /* Sources */ = {
			isa = PBXSourcesBuildPhase;
			buildActionMask = 2147483647;
			files = (
				545917C223D90C0800EB3297 /* LoginTestAppUITests.swift in Sources */,
			);
			runOnlyForDeploymentPostprocessing = 0;
		};
/* End PBXSourcesBuildPhase section */

/* Begin PBXTargetDependency section */
		545917B423D90C0800EB3297 /* PBXTargetDependency */ = {
			isa = PBXTargetDependency;
			target = 5459179B23D90C0500EB3297 /* LoginTestApp */;
			targetProxy = 545917B323D90C0800EB3297 /* PBXContainerItemProxy */;
		};
		545917BF23D90C0800EB3297 /* PBXTargetDependency */ = {
			isa = PBXTargetDependency;
			target = 5459179B23D90C0500EB3297 /* LoginTestApp */;
			targetProxy = 545917BE23D90C0800EB3297 /* PBXContainerItemProxy */;
		};
/* End PBXTargetDependency section */

/* Begin XCBuildConfiguration section */
		545917C423D90C0800EB3297 /* Debug */ = {
			isa = XCBuildConfiguration;
			buildSettings = {
				ALWAYS_SEARCH_USER_PATHS = NO;
				CLANG_ANALYZER_NONNULL = YES;
				CLANG_ANALYZER_NUMBER_OBJECT_CONVERSION = YES_AGGRESSIVE;
				CLANG_CXX_LANGUAGE_STANDARD = "gnu++14";
				CLANG_CXX_LIBRARY = "libc++";
				CLANG_ENABLE_MODULES = YES;
				CLANG_ENABLE_OBJC_ARC = YES;
				CLANG_ENABLE_OBJC_WEAK = YES;
				CLANG_WARN_BLOCK_CAPTURE_AUTORELEASING = YES;
				CLANG_WARN_BOOL_CONVERSION = YES;
				CLANG_WARN_COMMA = YES;
				CLANG_WARN_CONSTANT_CONVERSION = YES;
				CLANG_WARN_DEPRECATED_OBJC_IMPLEMENTATIONS = YES;
				CLANG_WARN_DIRECT_OBJC_ISA_USAGE = YES_ERROR;
				CLANG_WARN_DOCUMENTATION_COMMENTS = YES;
				CLANG_WARN_EMPTY_BODY = YES;
				CLANG_WARN_ENUM_CONVERSION = YES;
				CLANG_WARN_INFINITE_RECURSION = YES;
				CLANG_WARN_INT_CONVERSION = YES;
				CLANG_WARN_NON_LITERAL_NULL_CONVERSION = YES;
				CLANG_WARN_OBJC_IMPLICIT_RETAIN_SELF = YES;
				CLANG_WARN_OBJC_LITERAL_CONVERSION = YES;
				CLANG_WARN_OBJC_ROOT_CLASS = YES_ERROR;
				CLANG_WARN_RANGE_LOOP_ANALYSIS = YES;
				CLANG_WARN_STRICT_PROTOTYPES = YES;
				CLANG_WARN_SUSPICIOUS_MOVE = YES;
				CLANG_WARN_UNGUARDED_AVAILABILITY = YES_AGGRESSIVE;
				CLANG_WARN_UNREACHABLE_CODE = YES;
				CLANG_WARN__DUPLICATE_METHOD_MATCH = YES;
				COPY_PHASE_STRIP = NO;
				DEBUG_INFORMATION_FORMAT = dwarf;
				ENABLE_STRICT_OBJC_MSGSEND = YES;
				ENABLE_TESTABILITY = YES;
				GCC_C_LANGUAGE_STANDARD = gnu11;
				GCC_DYNAMIC_NO_PIC = NO;
				GCC_NO_COMMON_BLOCKS = YES;
				GCC_OPTIMIZATION_LEVEL = 0;
				GCC_PREPROCESSOR_DEFINITIONS = (
					"DEBUG=1",
					"$(inherited)",
				);
				GCC_WARN_64_TO_32_BIT_CONVERSION = YES;
				GCC_WARN_ABOUT_RETURN_TYPE = YES_ERROR;
				GCC_WARN_UNDECLARED_SELECTOR = YES;
				GCC_WARN_UNINITIALIZED_AUTOS = YES_AGGRESSIVE;
				GCC_WARN_UNUSED_FUNCTION = YES;
				GCC_WARN_UNUSED_VARIABLE = YES;
				IPHONEOS_DEPLOYMENT_TARGET = 13.2;
				MTL_ENABLE_DEBUG_INFO = INCLUDE_SOURCE;
				MTL_FAST_MATH = YES;
				ONLY_ACTIVE_ARCH = YES;
				SDKROOT = iphoneos;
				SWIFT_ACTIVE_COMPILATION_CONDITIONS = DEBUG;
				SWIFT_OPTIMIZATION_LEVEL = "-Onone";
			};
			name = Debug;
		};
		545917C523D90C0800EB3297 /* Release */ = {
			isa = XCBuildConfiguration;
			buildSettings = {
				ALWAYS_SEARCH_USER_PATHS = NO;
				CLANG_ANALYZER_NONNULL = YES;
				CLANG_ANALYZER_NUMBER_OBJECT_CONVERSION = YES_AGGRESSIVE;
				CLANG_CXX_LANGUAGE_STANDARD = "gnu++14";
				CLANG_CXX_LIBRARY = "libc++";
				CLANG_ENABLE_MODULES = YES;
				CLANG_ENABLE_OBJC_ARC = YES;
				CLANG_ENABLE_OBJC_WEAK = YES;
				CLANG_WARN_BLOCK_CAPTURE_AUTORELEASING = YES;
				CLANG_WARN_BOOL_CONVERSION = YES;
				CLANG_WARN_COMMA = YES;
				CLANG_WARN_CONSTANT_CONVERSION = YES;
				CLANG_WARN_DEPRECATED_OBJC_IMPLEMENTATIONS = YES;
				CLANG_WARN_DIRECT_OBJC_ISA_USAGE = YES_ERROR;
				CLANG_WARN_DOCUMENTATION_COMMENTS = YES;
				CLANG_WARN_EMPTY_BODY = YES;
				CLANG_WARN_ENUM_CONVERSION = YES;
				CLANG_WARN_INFINITE_RECURSION = YES;
				CLANG_WARN_INT_CONVERSION = YES;
				CLANG_WARN_NON_LITERAL_NULL_CONVERSION = YES;
				CLANG_WARN_OBJC_IMPLICIT_RETAIN_SELF = YES;
				CLANG_WARN_OBJC_LITERAL_CONVERSION = YES;
				CLANG_WARN_OBJC_ROOT_CLASS = YES_ERROR;
				CLANG_WARN_RANGE_LOOP_ANALYSIS = YES;
				CLANG_WARN_STRICT_PROTOTYPES = YES;
				CLANG_WARN_SUSPICIOUS_MOVE = YES;
				CLANG_WARN_UNGUARDED_AVAILABILITY = YES_AGGRESSIVE;
				CLANG_WARN_UNREACHABLE_CODE = YES;
				CLANG_WARN__DUPLICATE_METHOD_MATCH = YES;
				COPY_PHASE_STRIP = NO;
				DEBUG_INFORMATION_FORMAT = "dwarf-with-dsym";
				ENABLE_NS_ASSERTIONS = NO;
				ENABLE_STRICT_OBJC_MSGSEND = YES;
				GCC_C_LANGUAGE_STANDARD = gnu11;
				GCC_NO_COMMON_BLOCKS = YES;
				GCC_WARN_64_TO_32_BIT_CONVERSION = YES;
				GCC_WARN_ABOUT_RETURN_TYPE = YES_ERROR;
				GCC_WARN_UNDECLARED_SELECTOR = YES;
				GCC_WARN_UNINITIALIZED_AUTOS = YES_AGGRESSIVE;
				GCC_WARN_UNUSED_FUNCTION = YES;
				GCC_WARN_UNUSED_VARIABLE = YES;
				IPHONEOS_DEPLOYMENT_TARGET = 13.2;
				MTL_ENABLE_DEBUG_INFO = NO;
				MTL_FAST_MATH = YES;
				SDKROOT = iphoneos;
				SWIFT_COMPILATION_MODE = wholemodule;
				SWIFT_OPTIMIZATION_LEVEL = "-O";
				VALIDATE_PRODUCT = YES;
			};
			name = Release;
		};
		545917C723D90C0800EB3297 /* Debug */ = {
			isa = XCBuildConfiguration;
			buildSettings = {
				ASSETCATALOG_COMPILER_APPICON_NAME = AppIcon;
				CODE_SIGN_STYLE = Automatic;
				DEVELOPMENT_ASSET_PATHS = "\"LoginTestApp/Preview Content\"";
				ENABLE_PREVIEWS = YES;
				INFOPLIST_FILE = LoginTestApp/Info.plist;
				LD_RUNPATH_SEARCH_PATHS = (
					"$(inherited)",
					"@executable_path/Frameworks",
				);
				PRODUCT_BUNDLE_IDENTIFIER = testApp.LoginTestApp;
				PRODUCT_NAME = "$(TARGET_NAME)";
				SWIFT_VERSION = 5.0;
				TARGETED_DEVICE_FAMILY = 1;
			};
			name = Debug;
		};
		545917C823D90C0800EB3297 /* Release */ = {
			isa = XCBuildConfiguration;
			buildSettings = {
				ASSETCATALOG_COMPILER_APPICON_NAME = AppIcon;
				CODE_SIGN_STYLE = Automatic;
				DEVELOPMENT_ASSET_PATHS = "\"LoginTestApp/Preview Content\"";
				ENABLE_PREVIEWS = YES;
				INFOPLIST_FILE = LoginTestApp/Info.plist;
				LD_RUNPATH_SEARCH_PATHS = (
					"$(inherited)",
					"@executable_path/Frameworks",
				);
				PRODUCT_BUNDLE_IDENTIFIER = testApp.LoginTestApp;
				PRODUCT_NAME = "$(TARGET_NAME)";
				SWIFT_VERSION = 5.0;
				TARGETED_DEVICE_FAMILY = 1;
			};
			name = Release;
		};
		545917CA23D90C0800EB3297 /* Debug */ = {
			isa = XCBuildConfiguration;
			buildSettings = {
				ALWAYS_EMBED_SWIFT_STANDARD_LIBRARIES = YES;
				BUNDLE_LOADER = "$(TEST_HOST)";
				CODE_SIGN_STYLE = Automatic;
				INFOPLIST_FILE = LoginTestAppTests/Info.plist;
				IPHONEOS_DEPLOYMENT_TARGET = 13.2;
				LD_RUNPATH_SEARCH_PATHS = (
					"$(inherited)",
					"@executable_path/Frameworks",
					"@loader_path/Frameworks",
				);
				PRODUCT_BUNDLE_IDENTIFIER = testApp.LoginTestAppTests;
				PRODUCT_NAME = "$(TARGET_NAME)";
				SWIFT_VERSION = 5.0;
				TARGETED_DEVICE_FAMILY = "1,2";
				TEST_HOST = "$(BUILT_PRODUCTS_DIR)/LoginTestApp.app/LoginTestApp";
			};
			name = Debug;
		};
		545917CB23D90C0800EB3297 /* Release */ = {
			isa = XCBuildConfiguration;
			buildSettings = {
				ALWAYS_EMBED_SWIFT_STANDARD_LIBRARIES = YES;
				BUNDLE_LOADER = "$(TEST_HOST)";
				CODE_SIGN_STYLE = Automatic;
				INFOPLIST_FILE = LoginTestAppTests/Info.plist;
				IPHONEOS_DEPLOYMENT_TARGET = 13.2;
				LD_RUNPATH_SEARCH_PATHS = (
					"$(inherited)",
					"@executable_path/Frameworks",
					"@loader_path/Frameworks",
				);
				PRODUCT_BUNDLE_IDENTIFIER = testApp.LoginTestAppTests;
				PRODUCT_NAME = "$(TARGET_NAME)";
				SWIFT_VERSION = 5.0;
				TARGETED_DEVICE_FAMILY = "1,2";
				TEST_HOST = "$(BUILT_PRODUCTS_DIR)/LoginTestApp.app/LoginTestApp";
			};
			name = Release;
		};
		545917CD23D90C0800EB3297 /* Debug */ = {
			isa = XCBuildConfiguration;
			buildSettings = {
				ALWAYS_EMBED_SWIFT_STANDARD_LIBRARIES = YES;
				CODE_SIGN_STYLE = Automatic;
				INFOPLIST_FILE = LoginTestAppUITests/Info.plist;
				LD_RUNPATH_SEARCH_PATHS = (
					"$(inherited)",
					"@executable_path/Frameworks",
					"@loader_path/Frameworks",
				);
				PRODUCT_BUNDLE_IDENTIFIER = testApp.LoginTestAppUITests;
				PRODUCT_NAME = "$(TARGET_NAME)";
				SWIFT_VERSION = 5.0;
				TARGETED_DEVICE_FAMILY = "1,2";
				TEST_TARGET_NAME = LoginTestApp;
			};
			name = Debug;
		};
		545917CE23D90C0800EB3297 /* Release */ = {
			isa = XCBuildConfiguration;
			buildSettings = {
				ALWAYS_EMBED_SWIFT_STANDARD_LIBRARIES = YES;
				CODE_SIGN_STYLE = Automatic;
				INFOPLIST_FILE = LoginTestAppUITests/Info.plist;
				LD_RUNPATH_SEARCH_PATHS = (
					"$(inherited)",
					"@executable_path/Frameworks",
					"@loader_path/Frameworks",
				);
				PRODUCT_BUNDLE_IDENTIFIER = testApp.LoginTestAppUITests;
				PRODUCT_NAME = "$(TARGET_NAME)";
				SWIFT_VERSION = 5.0;
				TARGETED_DEVICE_FAMILY = "1,2";
				TEST_TARGET_NAME = LoginTestApp;
			};
			name = Release;
		};
/* End XCBuildConfiguration section */

/* Begin XCConfigurationList section */
		5459179723D90C0500EB3297 /* Build configuration list for PBXProject "LoginTestApp" */ = {
			isa = XCConfigurationList;
			buildConfigurations = (
				545917C423D90C0800EB3297 /* Debug */,
				545917C523D90C0800EB3297 /* Release */,
			);
			defaultConfigurationIsVisible = 0;
			defaultConfigurationName = Release;
		};
		545917C623D90C0800EB3297 /* Build configuration list for PBXNativeTarget "LoginTestApp" */ = {
			isa = XCConfigurationList;
			buildConfigurations = (
				545917C723D90C0800EB3297 /* Debug */,
				545917C823D90C0800EB3297 /* Release */,
			);
			defaultConfigurationIsVisible = 0;
			defaultConfigurationName = Release;
		};
		545917C923D90C0800EB3297 /* Build configuration list for PBXNativeTarget "LoginTestAppTests" */ = {
			isa = XCConfigurationList;
			buildConfigurations = (
				545917CA23D90C0800EB3297 /* Debug */,
				545917CB23D90C0800EB3297 /* Release */,
			);
			defaultConfigurationIsVisible = 0;
			defaultConfigurationName = Release;
		};
		545917CC23D90C0800EB3297 /* Build configuration list for PBXNativeTarget "LoginTestAppUITests" */ = {
			isa = XCConfigurationList;
			buildConfigurations = (
				545917CD23D90C0800EB3297 /* Debug */,
				545917CE23D90C0800EB3297 /* Release */,
			);
			defaultConfigurationIsVisible = 0;
			defaultConfigurationName = Release;
		};
/* End XCConfigurationList section */
	};
	rootObject = 5459179423D90C0500EB3297 /* Project object */;
}
